
Microsoft Visual Studio Solution File, Format Version 12.00
# Visual Studio Version 17
VisualStudioVersion = 17.9.34714.143
MinimumVisualStudioVersion = 10.0.40219.1
Project("{2150E333-8FDC-42A3-9474-1A3956D46DE8}") = "Docs", "Docs", "{142C341D-4DB9-4643-8EAF-21F35A3AB47F}"
	ProjectSection(SolutionItems) = preProject
		..\..\Docs\booting-your-pi.md = ..\..\Docs\booting-your-pi.md
		..\..\Docs\create-an-sd-card.md = ..\..\Docs\create-an-sd-card.md
		..\..\Docs\getting-started.md = ..\..\Docs\getting-started.md
		..\..\Docs\installing-prereqs.md = ..\..\Docs\installing-prereqs.md
		..\..\README.md = ..\..\README.md
		..\..\Docs\troubleshooting.md = ..\..\Docs\troubleshooting.md
	EndProjectSection
EndProject
Project("{2150E333-8FDC-42A3-9474-1A3956D46DE8}") = "hardware", "hardware", "{55CAB931-C65A-45EB-80A9-864A12D0BCB2}"
	ProjectSection(SolutionItems) = preProject
		..\..\Hardware\v1b\Schematic_YoshiPi_v1b.pdf = ..\..\Hardware\v1b\Schematic_YoshiPi_v1b.pdf
		..\..\Hardware\v1b\v1b-BOM.md = ..\..\Hardware\v1b\v1b-BOM.md
		..\..\Hardware\v1b\v1b-checklist.md = ..\..\Hardware\v1b\v1b-checklist.md
		..\..\Hardware\v1b\v1b-known-issues.md = ..\..\Hardware\v1b\v1b-known-issues.md
		..\..\Hardware\v1b\v1b-validation.md = ..\..\Hardware\v1b\v1b-validation.md
	EndProjectSection
EndProject
Project("{2150E333-8FDC-42A3-9474-1A3956D46DE8}") = "Samples", "Samples", "{A48F9748-6C61-4073-8A9B-A1BE3838D80D}"
EndProject
Project("{9A19103F-16F7-4668-BE54-9A1E7A4F7556}") = "YoshiPi.Hardware", "Driver\YoshiPi.Hardware.csproj", "{4D855774-7004-494D-AF1D-B6B453B1A419}"
EndProject
Project("{9A19103F-16F7-4668-BE54-9A1E7A4F7556}") = "ValidationApp", "Samples\ValidationApp\ValidationApp.csproj", "{BB910C1D-2479-414E-AAFC-0EC538C72276}"
EndProject
Project("{2150E333-8FDC-42A3-9474-1A3956D46DE8}") = "_External", "_External", "{84EDB580-2A21-40C9-92ED-B48B6A5B77CA}"
EndProject
Project("{9A19103F-16F7-4668-BE54-9A1E7A4F7556}") = "Meadow.Units", "..\..\..\Meadow.Units\Source\Meadow.Units\Meadow.Units.csproj", "{00F18EB4-E299-47DA-BF04-71EDEB35EDCA}"
EndProject
Project("{9A19103F-16F7-4668-BE54-9A1E7A4F7556}") = "Meadow.Logging", "..\..\..\Meadow.Logging\Source\Meadow.Logging\lib\Meadow.Logging.csproj", "{D9F0F470-F5E5-49A9-A591-121BEB81C213}"
EndProject
Project("{9A19103F-16F7-4668-BE54-9A1E7A4F7556}") = "Meadow.Contracts", "..\..\..\Meadow.Contracts\Source\Meadow.Contracts\Meadow.Contracts.csproj", "{A8EFEBBF-16C1-4240-B460-2FFFC71B9E45}"
EndProject
Project("{9A19103F-16F7-4668-BE54-9A1E7A4F7556}") = "MQTTnet", "..\..\..\MQTTnet\Source\MQTTnet\MQTTnet.csproj", "{D3C57D6F-2EF8-40EB-9DFB-28B6D8E68A1B}"
EndProject
Project("{9A19103F-16F7-4668-BE54-9A1E7A4F7556}") = "Meadow.Core", "..\..\..\Meadow.Core\Source\Meadow.Core\Meadow.Core.csproj", "{CEDFD4A0-BEE1-407A-8514-45203F16040F}"
EndProject
Project("{9A19103F-16F7-4668-BE54-9A1E7A4F7556}") = "Meadow.Linux", "..\..\..\Meadow.Core\Source\implementations\linux\Meadow.Linux\Meadow.Linux.csproj", "{E97BFA73-8FA9-4D95-A758-903F142A27DF}"
EndProject
Project("{9A19103F-16F7-4668-BE54-9A1E7A4F7556}") = "Meadow.Foundation.Core", "..\..\..\Meadow.Foundation\Source\Meadow.Foundation.Core\Meadow.Foundation.Core.csproj", "{0007D0D3-A820-452B-9C5F-93D7DA9AF318}"
EndProject
Project("{9A19103F-16F7-4668-BE54-9A1E7A4F7556}") = "Displays.Silk", "..\..\..\Meadow.Foundation\Source\Meadow.Foundation.Peripherals\Displays.Silk\Driver\Displays.Silk.csproj", "{50AD3CB6-8129-4ABE-83A6-D1D72DDF1761}"
EndProject
Project("{9A19103F-16F7-4668-BE54-9A1E7A4F7556}") = "Displays.TftSpi", "..\..\..\Meadow.Foundation\Source\Meadow.Foundation.Peripherals\Displays.TftSpi\Driver\Displays.TftSpi.csproj", "{7FD32941-704C-499D-BC14-C85AC3137179}"
EndProject
Project("{9A19103F-16F7-4668-BE54-9A1E7A4F7556}") = "Graphics.MicroGraphics", "..\..\..\Meadow.Foundation\Source\Meadow.Foundation.Libraries_and_Frameworks\Graphics.MicroGraphics\Driver\Graphics.MicroGraphics.csproj", "{06602F3A-3470-4105-A370-008B35F06869}"
EndProject
Project("{9A19103F-16F7-4668-BE54-9A1E7A4F7556}") = "Graphics.MicroLayout", "..\..\..\Meadow.Foundation\Source\Meadow.Foundation.Libraries_and_Frameworks\Graphics.MicroLayout\Driver\Graphics.MicroLayout.csproj", "{224EC895-D712-4061-8602-6B29C5E2409E}"
EndProject
Project("{9A19103F-16F7-4668-BE54-9A1E7A4F7556}") = "Serialization.MicroJson", "..\..\..\Meadow.Foundation\Source\Meadow.Foundation.Libraries_and_Frameworks\Serialization.MicroJson\Driver\Serialization.MicroJson.csproj", "{82DFFDB6-F3CD-42EE-A70D-E88271B6A5CC}"
EndProject
Project("{9A19103F-16F7-4668-BE54-9A1E7A4F7556}") = "Meadow.Modbus", "..\..\..\Meadow.Modbus\src\Meadow.Modbus\Meadow.Modbus.csproj", "{00AC32B9-77CA-4F69-AFF5-C98243ACA952}"
EndProject
Project("{9A19103F-16F7-4668-BE54-9A1E7A4F7556}") = "ICs.IOExpanders.Mcp23xxx", "..\..\..\Meadow.Foundation\Source\Meadow.Foundation.Peripherals\ICs.IOExpanders.Mcp23xxx\Driver\ICs.IOExpanders.Mcp23xxx.csproj", "{47293C10-83F8-4953-927B-394A7F5EBAEC}"
EndProject
Project("{9A19103F-16F7-4668-BE54-9A1E7A4F7556}") = "RTCs.Ds323x", "..\..\..\Meadow.Foundation\Source\Meadow.Foundation.Peripherals\RTCs.Ds323x\Driver\RTCs.Ds323x.csproj", "{50702AA3-1FD8-4C2A-9AB2-16E2776A5921}"
EndProject
Project("{9A19103F-16F7-4668-BE54-9A1E7A4F7556}") = "Sensors.Hid.Xpt2046", "..\..\..\Meadow.Foundation\Source\Meadow.Foundation.Peripherals\Sensors.Hid.Xpt2046\Driver\Sensors.Hid.Xpt2046.csproj", "{6E7AC982-95BA-4EA3-8513-1DABAF8BB21B}"
EndProject
Project("{9A19103F-16F7-4668-BE54-9A1E7A4F7556}") = "ICs.ADC.Mcp3xxx", "..\..\..\Meadow.Foundation\Source\Meadow.Foundation.Peripherals\ICs.ADCs.Mcp3xxx\Driver\ICs.ADC.Mcp3xxx.csproj", "{86FA409F-C194-417B-BEA2-6DFAC596D40F}"
EndProject
Project("{2150E333-8FDC-42A3-9474-1A3956D46DE8}") = "Templates", "Templates", "{2DBD66AC-36FF-4706-9025-0183AEAB835C}"
EndProject
Project("{9A19103F-16F7-4668-BE54-9A1E7A4F7556}") = "YoshiPi.Templates", "Templates\YoshiPi.Templates\YoshiPi.Templates.csproj", "{38652C8D-9855-4A4B-9D7D-836866856E93}"
EndProject
Global
	GlobalSection(SolutionConfigurationPlatforms) = preSolution
		Debug|Any CPU = Debug|Any CPU
		Debug|arm64 = Debug|arm64
		Debug|x86 = Debug|x86
		Release|Any CPU = Release|Any CPU
		Release|arm64 = Release|arm64
		Release|x86 = Release|x86
	EndGlobalSection
	GlobalSection(ProjectConfigurationPlatforms) = postSolution
		{4D855774-7004-494D-AF1D-B6B453B1A419}.Debug|Any CPU.ActiveCfg = Debug|Any CPU
		{4D855774-7004-494D-AF1D-B6B453B1A419}.Debug|Any CPU.Build.0 = Debug|Any CPU
		{4D855774-7004-494D-AF1D-B6B453B1A419}.Debug|arm64.ActiveCfg = Debug|Any CPU
		{4D855774-7004-494D-AF1D-B6B453B1A419}.Debug|arm64.Build.0 = Debug|Any CPU
		{4D855774-7004-494D-AF1D-B6B453B1A419}.Debug|x86.ActiveCfg = Debug|Any CPU
		{4D855774-7004-494D-AF1D-B6B453B1A419}.Debug|x86.Build.0 = Debug|Any CPU
		{4D855774-7004-494D-AF1D-B6B453B1A419}.Release|Any CPU.ActiveCfg = Release|Any CPU
		{4D855774-7004-494D-AF1D-B6B453B1A419}.Release|Any CPU.Build.0 = Release|Any CPU
		{4D855774-7004-494D-AF1D-B6B453B1A419}.Release|arm64.ActiveCfg = Release|Any CPU
		{4D855774-7004-494D-AF1D-B6B453B1A419}.Release|arm64.Build.0 = Release|Any CPU
		{4D855774-7004-494D-AF1D-B6B453B1A419}.Release|x86.ActiveCfg = Release|Any CPU
		{4D855774-7004-494D-AF1D-B6B453B1A419}.Release|x86.Build.0 = Release|Any CPU
		{BB910C1D-2479-414E-AAFC-0EC538C72276}.Debug|Any CPU.ActiveCfg = Debug|Any CPU
		{BB910C1D-2479-414E-AAFC-0EC538C72276}.Debug|Any CPU.Build.0 = Debug|Any CPU
		{BB910C1D-2479-414E-AAFC-0EC538C72276}.Debug|arm64.ActiveCfg = Debug|Any CPU
		{BB910C1D-2479-414E-AAFC-0EC538C72276}.Debug|arm64.Build.0 = Debug|Any CPU
		{BB910C1D-2479-414E-AAFC-0EC538C72276}.Debug|x86.ActiveCfg = Debug|Any CPU
		{BB910C1D-2479-414E-AAFC-0EC538C72276}.Debug|x86.Build.0 = Debug|Any CPU
		{BB910C1D-2479-414E-AAFC-0EC538C72276}.Release|Any CPU.ActiveCfg = Release|Any CPU
		{BB910C1D-2479-414E-AAFC-0EC538C72276}.Release|Any CPU.Build.0 = Release|Any CPU
		{BB910C1D-2479-414E-AAFC-0EC538C72276}.Release|arm64.ActiveCfg = Release|Any CPU
		{BB910C1D-2479-414E-AAFC-0EC538C72276}.Release|arm64.Build.0 = Release|Any CPU
		{BB910C1D-2479-414E-AAFC-0EC538C72276}.Release|x86.ActiveCfg = Release|Any CPU
		{BB910C1D-2479-414E-AAFC-0EC538C72276}.Release|x86.Build.0 = Release|Any CPU
		{00F18EB4-E299-47DA-BF04-71EDEB35EDCA}.Debug|Any CPU.ActiveCfg = Debug|Any CPU
		{00F18EB4-E299-47DA-BF04-71EDEB35EDCA}.Debug|Any CPU.Build.0 = Debug|Any CPU
		{00F18EB4-E299-47DA-BF04-71EDEB35EDCA}.Debug|Any CPU.Deploy.0 = Debug|Any CPU
		{00F18EB4-E299-47DA-BF04-71EDEB35EDCA}.Debug|arm64.ActiveCfg = Debug|Any CPU
		{00F18EB4-E299-47DA-BF04-71EDEB35EDCA}.Debug|arm64.Build.0 = Debug|Any CPU
		{00F18EB4-E299-47DA-BF04-71EDEB35EDCA}.Debug|arm64.Deploy.0 = Debug|Any CPU
		{00F18EB4-E299-47DA-BF04-71EDEB35EDCA}.Debug|x86.ActiveCfg = Debug|Any CPU
		{00F18EB4-E299-47DA-BF04-71EDEB35EDCA}.Debug|x86.Build.0 = Debug|Any CPU
		{00F18EB4-E299-47DA-BF04-71EDEB35EDCA}.Debug|x86.Deploy.0 = Debug|Any CPU
		{00F18EB4-E299-47DA-BF04-71EDEB35EDCA}.Release|Any CPU.ActiveCfg = Release|Any CPU
		{00F18EB4-E299-47DA-BF04-71EDEB35EDCA}.Release|Any CPU.Build.0 = Release|Any CPU
		{00F18EB4-E299-47DA-BF04-71EDEB35EDCA}.Release|Any CPU.Deploy.0 = Release|Any CPU
		{00F18EB4-E299-47DA-BF04-71EDEB35EDCA}.Release|arm64.ActiveCfg = Release|Any CPU
		{00F18EB4-E299-47DA-BF04-71EDEB35EDCA}.Release|arm64.Build.0 = Release|Any CPU
		{00F18EB4-E299-47DA-BF04-71EDEB35EDCA}.Release|arm64.Deploy.0 = Release|Any CPU
		{00F18EB4-E299-47DA-BF04-71EDEB35EDCA}.Release|x86.ActiveCfg = Release|Any CPU
		{00F18EB4-E299-47DA-BF04-71EDEB35EDCA}.Release|x86.Build.0 = Release|Any CPU
		{00F18EB4-E299-47DA-BF04-71EDEB35EDCA}.Release|x86.Deploy.0 = Release|Any CPU
		{D9F0F470-F5E5-49A9-A591-121BEB81C213}.Debug|Any CPU.ActiveCfg = Debug|Any CPU
		{D9F0F470-F5E5-49A9-A591-121BEB81C213}.Debug|Any CPU.Build.0 = Debug|Any CPU
		{D9F0F470-F5E5-49A9-A591-121BEB81C213}.Debug|arm64.ActiveCfg = Debug|Any CPU
		{D9F0F470-F5E5-49A9-A591-121BEB81C213}.Debug|arm64.Build.0 = Debug|Any CPU
		{D9F0F470-F5E5-49A9-A591-121BEB81C213}.Debug|x86.ActiveCfg = Debug|Any CPU
		{D9F0F470-F5E5-49A9-A591-121BEB81C213}.Debug|x86.Build.0 = Debug|Any CPU
		{D9F0F470-F5E5-49A9-A591-121BEB81C213}.Release|Any CPU.ActiveCfg = Release|Any CPU
		{D9F0F470-F5E5-49A9-A591-121BEB81C213}.Release|Any CPU.Build.0 = Release|Any CPU
		{D9F0F470-F5E5-49A9-A591-121BEB81C213}.Release|arm64.ActiveCfg = Release|Any CPU
		{D9F0F470-F5E5-49A9-A591-121BEB81C213}.Release|arm64.Build.0 = Release|Any CPU
		{D9F0F470-F5E5-49A9-A591-121BEB81C213}.Release|x86.ActiveCfg = Release|Any CPU
		{D9F0F470-F5E5-49A9-A591-121BEB81C213}.Release|x86.Build.0 = Release|Any CPU
		{A8EFEBBF-16C1-4240-B460-2FFFC71B9E45}.Debug|Any CPU.ActiveCfg = Debug|Any CPU
		{A8EFEBBF-16C1-4240-B460-2FFFC71B9E45}.Debug|Any CPU.Build.0 = Debug|Any CPU
		{A8EFEBBF-16C1-4240-B460-2FFFC71B9E45}.Debug|Any CPU.Deploy.0 = Debug|Any CPU
		{A8EFEBBF-16C1-4240-B460-2FFFC71B9E45}.Debug|arm64.ActiveCfg = Debug|Any CPU
		{A8EFEBBF-16C1-4240-B460-2FFFC71B9E45}.Debug|arm64.Build.0 = Debug|Any CPU
		{A8EFEBBF-16C1-4240-B460-2FFFC71B9E45}.Debug|arm64.Deploy.0 = Debug|Any CPU
		{A8EFEBBF-16C1-4240-B460-2FFFC71B9E45}.Debug|x86.ActiveCfg = Debug|Any CPU
		{A8EFEBBF-16C1-4240-B460-2FFFC71B9E45}.Debug|x86.Build.0 = Debug|Any CPU
		{A8EFEBBF-16C1-4240-B460-2FFFC71B9E45}.Debug|x86.Deploy.0 = Debug|Any CPU
		{A8EFEBBF-16C1-4240-B460-2FFFC71B9E45}.Release|Any CPU.ActiveCfg = Release|Any CPU
		{A8EFEBBF-16C1-4240-B460-2FFFC71B9E45}.Release|Any CPU.Build.0 = Release|Any CPU
		{A8EFEBBF-16C1-4240-B460-2FFFC71B9E45}.Release|Any CPU.Deploy.0 = Release|Any CPU
		{A8EFEBBF-16C1-4240-B460-2FFFC71B9E45}.Release|arm64.ActiveCfg = Release|Any CPU
		{A8EFEBBF-16C1-4240-B460-2FFFC71B9E45}.Release|arm64.Build.0 = Release|Any CPU
		{A8EFEBBF-16C1-4240-B460-2FFFC71B9E45}.Release|arm64.Deploy.0 = Release|Any CPU
		{A8EFEBBF-16C1-4240-B460-2FFFC71B9E45}.Release|x86.ActiveCfg = Release|Any CPU
		{A8EFEBBF-16C1-4240-B460-2FFFC71B9E45}.Release|x86.Build.0 = Release|Any CPU
		{A8EFEBBF-16C1-4240-B460-2FFFC71B9E45}.Release|x86.Deploy.0 = Release|Any CPU
		{D3C57D6F-2EF8-40EB-9DFB-28B6D8E68A1B}.Debug|Any CPU.ActiveCfg = Debug|Any CPU
		{D3C57D6F-2EF8-40EB-9DFB-28B6D8E68A1B}.Debug|Any CPU.Build.0 = Debug|Any CPU
		{D3C57D6F-2EF8-40EB-9DFB-28B6D8E68A1B}.Debug|arm64.ActiveCfg = Debug|Any CPU
		{D3C57D6F-2EF8-40EB-9DFB-28B6D8E68A1B}.Debug|arm64.Build.0 = Debug|Any CPU
		{D3C57D6F-2EF8-40EB-9DFB-28B6D8E68A1B}.Debug|x86.ActiveCfg = Debug|Any CPU
		{D3C57D6F-2EF8-40EB-9DFB-28B6D8E68A1B}.Debug|x86.Build.0 = Debug|Any CPU
		{D3C57D6F-2EF8-40EB-9DFB-28B6D8E68A1B}.Release|Any CPU.ActiveCfg = Release|Any CPU
		{D3C57D6F-2EF8-40EB-9DFB-28B6D8E68A1B}.Release|Any CPU.Build.0 = Release|Any CPU
		{D3C57D6F-2EF8-40EB-9DFB-28B6D8E68A1B}.Release|arm64.ActiveCfg = Release|Any CPU
		{D3C57D6F-2EF8-40EB-9DFB-28B6D8E68A1B}.Release|arm64.Build.0 = Release|Any CPU
		{D3C57D6F-2EF8-40EB-9DFB-28B6D8E68A1B}.Release|x86.ActiveCfg = Release|Any CPU
		{D3C57D6F-2EF8-40EB-9DFB-28B6D8E68A1B}.Release|x86.Build.0 = Release|Any CPU
		{CEDFD4A0-BEE1-407A-8514-45203F16040F}.Debug|Any CPU.ActiveCfg = Debug|Any CPU
		{CEDFD4A0-BEE1-407A-8514-45203F16040F}.Debug|Any CPU.Build.0 = Debug|Any CPU
		{CEDFD4A0-BEE1-407A-8514-45203F16040F}.Debug|Any CPU.Deploy.0 = Debug|Any CPU
		{CEDFD4A0-BEE1-407A-8514-45203F16040F}.Debug|arm64.ActiveCfg = Debug|Any CPU
		{CEDFD4A0-BEE1-407A-8514-45203F16040F}.Debug|arm64.Build.0 = Debug|Any CPU
		{CEDFD4A0-BEE1-407A-8514-45203F16040F}.Debug|arm64.Deploy.0 = Debug|Any CPU
		{CEDFD4A0-BEE1-407A-8514-45203F16040F}.Debug|x86.ActiveCfg = Debug|Any CPU
		{CEDFD4A0-BEE1-407A-8514-45203F16040F}.Debug|x86.Build.0 = Debug|Any CPU
		{CEDFD4A0-BEE1-407A-8514-45203F16040F}.Debug|x86.Deploy.0 = Debug|Any CPU
		{CEDFD4A0-BEE1-407A-8514-45203F16040F}.Release|Any CPU.ActiveCfg = Release|Any CPU
		{CEDFD4A0-BEE1-407A-8514-45203F16040F}.Release|Any CPU.Build.0 = Release|Any CPU
		{CEDFD4A0-BEE1-407A-8514-45203F16040F}.Release|Any CPU.Deploy.0 = Release|Any CPU
		{CEDFD4A0-BEE1-407A-8514-45203F16040F}.Release|arm64.ActiveCfg = Release|Any CPU
		{CEDFD4A0-BEE1-407A-8514-45203F16040F}.Release|arm64.Build.0 = Release|Any CPU
		{CEDFD4A0-BEE1-407A-8514-45203F16040F}.Release|arm64.Deploy.0 = Release|Any CPU
		{CEDFD4A0-BEE1-407A-8514-45203F16040F}.Release|x86.ActiveCfg = Release|Any CPU
		{CEDFD4A0-BEE1-407A-8514-45203F16040F}.Release|x86.Build.0 = Release|Any CPU
		{CEDFD4A0-BEE1-407A-8514-45203F16040F}.Release|x86.Deploy.0 = Release|Any CPU
		{E97BFA73-8FA9-4D95-A758-903F142A27DF}.Debug|Any CPU.ActiveCfg = Debug|Any CPU
		{E97BFA73-8FA9-4D95-A758-903F142A27DF}.Debug|Any CPU.Build.0 = Debug|Any CPU
		{E97BFA73-8FA9-4D95-A758-903F142A27DF}.Debug|Any CPU.Deploy.0 = Debug|Any CPU
		{E97BFA73-8FA9-4D95-A758-903F142A27DF}.Debug|arm64.ActiveCfg = Debug|Any CPU
		{E97BFA73-8FA9-4D95-A758-903F142A27DF}.Debug|arm64.Build.0 = Debug|Any CPU
		{E97BFA73-8FA9-4D95-A758-903F142A27DF}.Debug|arm64.Deploy.0 = Debug|Any CPU
		{E97BFA73-8FA9-4D95-A758-903F142A27DF}.Debug|x86.ActiveCfg = Debug|Any CPU
		{E97BFA73-8FA9-4D95-A758-903F142A27DF}.Debug|x86.Build.0 = Debug|Any CPU
		{E97BFA73-8FA9-4D95-A758-903F142A27DF}.Debug|x86.Deploy.0 = Debug|Any CPU
		{E97BFA73-8FA9-4D95-A758-903F142A27DF}.Release|Any CPU.ActiveCfg = Release|Any CPU
		{E97BFA73-8FA9-4D95-A758-903F142A27DF}.Release|Any CPU.Build.0 = Release|Any CPU
		{E97BFA73-8FA9-4D95-A758-903F142A27DF}.Release|Any CPU.Deploy.0 = Release|Any CPU
		{E97BFA73-8FA9-4D95-A758-903F142A27DF}.Release|arm64.ActiveCfg = Release|Any CPU
		{E97BFA73-8FA9-4D95-A758-903F142A27DF}.Release|arm64.Build.0 = Release|Any CPU
		{E97BFA73-8FA9-4D95-A758-903F142A27DF}.Release|arm64.Deploy.0 = Release|Any CPU
		{E97BFA73-8FA9-4D95-A758-903F142A27DF}.Release|x86.ActiveCfg = Release|Any CPU
		{E97BFA73-8FA9-4D95-A758-903F142A27DF}.Release|x86.Build.0 = Release|Any CPU
		{E97BFA73-8FA9-4D95-A758-903F142A27DF}.Release|x86.Deploy.0 = Release|Any CPU
		{0007D0D3-A820-452B-9C5F-93D7DA9AF318}.Debug|Any CPU.ActiveCfg = Debug|Any CPU
		{0007D0D3-A820-452B-9C5F-93D7DA9AF318}.Debug|Any CPU.Build.0 = Debug|Any CPU
		{0007D0D3-A820-452B-9C5F-93D7DA9AF318}.Debug|Any CPU.Deploy.0 = Debug|Any CPU
		{0007D0D3-A820-452B-9C5F-93D7DA9AF318}.Debug|arm64.ActiveCfg = Debug|Any CPU
		{0007D0D3-A820-452B-9C5F-93D7DA9AF318}.Debug|arm64.Build.0 = Debug|Any CPU
		{0007D0D3-A820-452B-9C5F-93D7DA9AF318}.Debug|arm64.Deploy.0 = Debug|Any CPU
		{0007D0D3-A820-452B-9C5F-93D7DA9AF318}.Debug|x86.ActiveCfg = Debug|Any CPU
		{0007D0D3-A820-452B-9C5F-93D7DA9AF318}.Debug|x86.Build.0 = Debug|Any CPU
		{0007D0D3-A820-452B-9C5F-93D7DA9AF318}.Debug|x86.Deploy.0 = Debug|Any CPU
		{0007D0D3-A820-452B-9C5F-93D7DA9AF318}.Release|Any CPU.ActiveCfg = Release|Any CPU
		{0007D0D3-A820-452B-9C5F-93D7DA9AF318}.Release|Any CPU.Build.0 = Release|Any CPU
		{0007D0D3-A820-452B-9C5F-93D7DA9AF318}.Release|Any CPU.Deploy.0 = Release|Any CPU
		{0007D0D3-A820-452B-9C5F-93D7DA9AF318}.Release|arm64.ActiveCfg = Release|Any CPU
		{0007D0D3-A820-452B-9C5F-93D7DA9AF318}.Release|arm64.Build.0 = Release|Any CPU
		{0007D0D3-A820-452B-9C5F-93D7DA9AF318}.Release|arm64.Deploy.0 = Release|Any CPU
		{0007D0D3-A820-452B-9C5F-93D7DA9AF318}.Release|x86.ActiveCfg = Release|Any CPU
		{0007D0D3-A820-452B-9C5F-93D7DA9AF318}.Release|x86.Build.0 = Release|Any CPU
		{0007D0D3-A820-452B-9C5F-93D7DA9AF318}.Release|x86.Deploy.0 = Release|Any CPU
		{50AD3CB6-8129-4ABE-83A6-D1D72DDF1761}.Debug|Any CPU.ActiveCfg = Debug|Any CPU
		{50AD3CB6-8129-4ABE-83A6-D1D72DDF1761}.Debug|Any CPU.Build.0 = Debug|Any CPU
		{50AD3CB6-8129-4ABE-83A6-D1D72DDF1761}.Debug|arm64.ActiveCfg = Debug|Any CPU
		{50AD3CB6-8129-4ABE-83A6-D1D72DDF1761}.Debug|arm64.Build.0 = Debug|Any CPU
		{50AD3CB6-8129-4ABE-83A6-D1D72DDF1761}.Debug|x86.ActiveCfg = Debug|Any CPU
		{50AD3CB6-8129-4ABE-83A6-D1D72DDF1761}.Debug|x86.Build.0 = Debug|Any CPU
		{50AD3CB6-8129-4ABE-83A6-D1D72DDF1761}.Release|Any CPU.ActiveCfg = Release|Any CPU
		{50AD3CB6-8129-4ABE-83A6-D1D72DDF1761}.Release|Any CPU.Build.0 = Release|Any CPU
		{50AD3CB6-8129-4ABE-83A6-D1D72DDF1761}.Release|arm64.ActiveCfg = Release|Any CPU
		{50AD3CB6-8129-4ABE-83A6-D1D72DDF1761}.Release|arm64.Build.0 = Release|Any CPU
		{50AD3CB6-8129-4ABE-83A6-D1D72DDF1761}.Release|x86.ActiveCfg = Release|Any CPU
		{50AD3CB6-8129-4ABE-83A6-D1D72DDF1761}.Release|x86.Build.0 = Release|Any CPU
		{7FD32941-704C-499D-BC14-C85AC3137179}.Debug|Any CPU.ActiveCfg = Debug|Any CPU
		{7FD32941-704C-499D-BC14-C85AC3137179}.Debug|Any CPU.Build.0 = Debug|Any CPU
		{7FD32941-704C-499D-BC14-C85AC3137179}.Debug|Any CPU.Deploy.0 = Debug|Any CPU
		{7FD32941-704C-499D-BC14-C85AC3137179}.Debug|arm64.ActiveCfg = Debug|Any CPU
		{7FD32941-704C-499D-BC14-C85AC3137179}.Debug|arm64.Build.0 = Debug|Any CPU
		{7FD32941-704C-499D-BC14-C85AC3137179}.Debug|arm64.Deploy.0 = Debug|Any CPU
		{7FD32941-704C-499D-BC14-C85AC3137179}.Debug|x86.ActiveCfg = Debug|Any CPU
		{7FD32941-704C-499D-BC14-C85AC3137179}.Debug|x86.Build.0 = Debug|Any CPU
		{7FD32941-704C-499D-BC14-C85AC3137179}.Debug|x86.Deploy.0 = Debug|Any CPU
		{7FD32941-704C-499D-BC14-C85AC3137179}.Release|Any CPU.ActiveCfg = Release|Any CPU
		{7FD32941-704C-499D-BC14-C85AC3137179}.Release|Any CPU.Build.0 = Release|Any CPU
		{7FD32941-704C-499D-BC14-C85AC3137179}.Release|Any CPU.Deploy.0 = Release|Any CPU
		{7FD32941-704C-499D-BC14-C85AC3137179}.Release|arm64.ActiveCfg = Release|Any CPU
		{7FD32941-704C-499D-BC14-C85AC3137179}.Release|arm64.Build.0 = Release|Any CPU
		{7FD32941-704C-499D-BC14-C85AC3137179}.Release|arm64.Deploy.0 = Release|Any CPU
		{7FD32941-704C-499D-BC14-C85AC3137179}.Release|x86.ActiveCfg = Release|Any CPU
		{7FD32941-704C-499D-BC14-C85AC3137179}.Release|x86.Build.0 = Release|Any CPU
		{7FD32941-704C-499D-BC14-C85AC3137179}.Release|x86.Deploy.0 = Release|Any CPU
		{06602F3A-3470-4105-A370-008B35F06869}.Debug|Any CPU.ActiveCfg = Debug|Any CPU
		{06602F3A-3470-4105-A370-008B35F06869}.Debug|Any CPU.Build.0 = Debug|Any CPU
		{06602F3A-3470-4105-A370-008B35F06869}.Debug|Any CPU.Deploy.0 = Debug|Any CPU
		{06602F3A-3470-4105-A370-008B35F06869}.Debug|arm64.ActiveCfg = Debug|Any CPU
		{06602F3A-3470-4105-A370-008B35F06869}.Debug|arm64.Build.0 = Debug|Any CPU
		{06602F3A-3470-4105-A370-008B35F06869}.Debug|arm64.Deploy.0 = Debug|Any CPU
		{06602F3A-3470-4105-A370-008B35F06869}.Debug|x86.ActiveCfg = Debug|Any CPU
		{06602F3A-3470-4105-A370-008B35F06869}.Debug|x86.Build.0 = Debug|Any CPU
		{06602F3A-3470-4105-A370-008B35F06869}.Debug|x86.Deploy.0 = Debug|Any CPU
		{06602F3A-3470-4105-A370-008B35F06869}.Release|Any CPU.ActiveCfg = Release|Any CPU
		{06602F3A-3470-4105-A370-008B35F06869}.Release|Any CPU.Build.0 = Release|Any CPU
		{06602F3A-3470-4105-A370-008B35F06869}.Release|Any CPU.Deploy.0 = Release|Any CPU
		{06602F3A-3470-4105-A370-008B35F06869}.Release|arm64.ActiveCfg = Release|Any CPU
		{06602F3A-3470-4105-A370-008B35F06869}.Release|arm64.Build.0 = Release|Any CPU
		{06602F3A-3470-4105-A370-008B35F06869}.Release|arm64.Deploy.0 = Release|Any CPU
		{06602F3A-3470-4105-A370-008B35F06869}.Release|x86.ActiveCfg = Release|Any CPU
		{06602F3A-3470-4105-A370-008B35F06869}.Release|x86.Build.0 = Release|Any CPU
		{06602F3A-3470-4105-A370-008B35F06869}.Release|x86.Deploy.0 = Release|Any CPU
		{224EC895-D712-4061-8602-6B29C5E2409E}.Debug|Any CPU.ActiveCfg = Debug|Any CPU
		{224EC895-D712-4061-8602-6B29C5E2409E}.Debug|Any CPU.Build.0 = Debug|Any CPU
		{224EC895-D712-4061-8602-6B29C5E2409E}.Debug|arm64.ActiveCfg = Debug|Any CPU
		{224EC895-D712-4061-8602-6B29C5E2409E}.Debug|arm64.Build.0 = Debug|Any CPU
		{224EC895-D712-4061-8602-6B29C5E2409E}.Debug|x86.ActiveCfg = Debug|Any CPU
		{224EC895-D712-4061-8602-6B29C5E2409E}.Debug|x86.Build.0 = Debug|Any CPU
		{224EC895-D712-4061-8602-6B29C5E2409E}.Release|Any CPU.ActiveCfg = Release|Any CPU
		{224EC895-D712-4061-8602-6B29C5E2409E}.Release|Any CPU.Build.0 = Release|Any CPU
		{224EC895-D712-4061-8602-6B29C5E2409E}.Release|arm64.ActiveCfg = Release|Any CPU
		{224EC895-D712-4061-8602-6B29C5E2409E}.Release|arm64.Build.0 = Release|Any CPU
		{224EC895-D712-4061-8602-6B29C5E2409E}.Release|x86.ActiveCfg = Release|Any CPU
		{224EC895-D712-4061-8602-6B29C5E2409E}.Release|x86.Build.0 = Release|Any CPU
		{82DFFDB6-F3CD-42EE-A70D-E88271B6A5CC}.Debug|Any CPU.ActiveCfg = Debug|Any CPU
		{82DFFDB6-F3CD-42EE-A70D-E88271B6A5CC}.Debug|Any CPU.Build.0 = Debug|Any CPU
		{82DFFDB6-F3CD-42EE-A70D-E88271B6A5CC}.Debug|arm64.ActiveCfg = Debug|Any CPU
		{82DFFDB6-F3CD-42EE-A70D-E88271B6A5CC}.Debug|arm64.Build.0 = Debug|Any CPU
		{82DFFDB6-F3CD-42EE-A70D-E88271B6A5CC}.Debug|x86.ActiveCfg = Debug|Any CPU
		{82DFFDB6-F3CD-42EE-A70D-E88271B6A5CC}.Debug|x86.Build.0 = Debug|Any CPU
		{82DFFDB6-F3CD-42EE-A70D-E88271B6A5CC}.Release|Any CPU.ActiveCfg = Release|Any CPU
		{82DFFDB6-F3CD-42EE-A70D-E88271B6A5CC}.Release|Any CPU.Build.0 = Release|Any CPU
		{82DFFDB6-F3CD-42EE-A70D-E88271B6A5CC}.Release|arm64.ActiveCfg = Release|Any CPU
		{82DFFDB6-F3CD-42EE-A70D-E88271B6A5CC}.Release|arm64.Build.0 = Release|Any CPU
		{82DFFDB6-F3CD-42EE-A70D-E88271B6A5CC}.Release|x86.ActiveCfg = Release|Any CPU
		{82DFFDB6-F3CD-42EE-A70D-E88271B6A5CC}.Release|x86.Build.0 = Release|Any CPU
		{00AC32B9-77CA-4F69-AFF5-C98243ACA952}.Debug|Any CPU.ActiveCfg = Debug|Any CPU
		{00AC32B9-77CA-4F69-AFF5-C98243ACA952}.Debug|Any CPU.Build.0 = Debug|Any CPU
		{00AC32B9-77CA-4F69-AFF5-C98243ACA952}.Debug|arm64.ActiveCfg = Debug|Any CPU
		{00AC32B9-77CA-4F69-AFF5-C98243ACA952}.Debug|arm64.Build.0 = Debug|Any CPU
		{00AC32B9-77CA-4F69-AFF5-C98243ACA952}.Debug|x86.ActiveCfg = Debug|Any CPU
		{00AC32B9-77CA-4F69-AFF5-C98243ACA952}.Debug|x86.Build.0 = Debug|Any CPU
		{00AC32B9-77CA-4F69-AFF5-C98243ACA952}.Release|Any CPU.ActiveCfg = Release|Any CPU
		{00AC32B9-77CA-4F69-AFF5-C98243ACA952}.Release|Any CPU.Build.0 = Release|Any CPU
		{00AC32B9-77CA-4F69-AFF5-C98243ACA952}.Release|arm64.ActiveCfg = Release|Any CPU
		{00AC32B9-77CA-4F69-AFF5-C98243ACA952}.Release|arm64.Build.0 = Release|Any CPU
		{00AC32B9-77CA-4F69-AFF5-C98243ACA952}.Release|x86.ActiveCfg = Release|Any CPU
		{00AC32B9-77CA-4F69-AFF5-C98243ACA952}.Release|x86.Build.0 = Release|Any CPU
		{47293C10-83F8-4953-927B-394A7F5EBAEC}.Debug|Any CPU.ActiveCfg = Debug|Any CPU
		{47293C10-83F8-4953-927B-394A7F5EBAEC}.Debug|Any CPU.Build.0 = Debug|Any CPU
		{47293C10-83F8-4953-927B-394A7F5EBAEC}.Debug|Any CPU.Deploy.0 = Debug|Any CPU
		{47293C10-83F8-4953-927B-394A7F5EBAEC}.Debug|arm64.ActiveCfg = Debug|Any CPU
		{47293C10-83F8-4953-927B-394A7F5EBAEC}.Debug|arm64.Build.0 = Debug|Any CPU
		{47293C10-83F8-4953-927B-394A7F5EBAEC}.Debug|arm64.Deploy.0 = Debug|Any CPU
		{47293C10-83F8-4953-927B-394A7F5EBAEC}.Debug|x86.ActiveCfg = Debug|Any CPU
		{47293C10-83F8-4953-927B-394A7F5EBAEC}.Debug|x86.Build.0 = Debug|Any CPU
		{47293C10-83F8-4953-927B-394A7F5EBAEC}.Debug|x86.Deploy.0 = Debug|Any CPU
		{47293C10-83F8-4953-927B-394A7F5EBAEC}.Release|Any CPU.ActiveCfg = Release|Any CPU
		{47293C10-83F8-4953-927B-394A7F5EBAEC}.Release|Any CPU.Build.0 = Release|Any CPU
		{47293C10-83F8-4953-927B-394A7F5EBAEC}.Release|Any CPU.Deploy.0 = Release|Any CPU
		{47293C10-83F8-4953-927B-394A7F5EBAEC}.Release|arm64.ActiveCfg = Release|Any CPU
		{47293C10-83F8-4953-927B-394A7F5EBAEC}.Release|arm64.Build.0 = Release|Any CPU
		{47293C10-83F8-4953-927B-394A7F5EBAEC}.Release|arm64.Deploy.0 = Release|Any CPU
		{47293C10-83F8-4953-927B-394A7F5EBAEC}.Release|x86.ActiveCfg = Release|Any CPU
		{47293C10-83F8-4953-927B-394A7F5EBAEC}.Release|x86.Build.0 = Release|Any CPU
		{47293C10-83F8-4953-927B-394A7F5EBAEC}.Release|x86.Deploy.0 = Release|Any CPU
		{50702AA3-1FD8-4C2A-9AB2-16E2776A5921}.Debug|Any CPU.ActiveCfg = Debug|Any CPU
		{50702AA3-1FD8-4C2A-9AB2-16E2776A5921}.Debug|Any CPU.Build.0 = Debug|Any CPU
		{50702AA3-1FD8-4C2A-9AB2-16E2776A5921}.Debug|Any CPU.Deploy.0 = Debug|Any CPU
		{50702AA3-1FD8-4C2A-9AB2-16E2776A5921}.Debug|arm64.ActiveCfg = Debug|Any CPU
		{50702AA3-1FD8-4C2A-9AB2-16E2776A5921}.Debug|arm64.Build.0 = Debug|Any CPU
		{50702AA3-1FD8-4C2A-9AB2-16E2776A5921}.Debug|arm64.Deploy.0 = Debug|Any CPU
		{50702AA3-1FD8-4C2A-9AB2-16E2776A5921}.Debug|x86.ActiveCfg = Debug|Any CPU
		{50702AA3-1FD8-4C2A-9AB2-16E2776A5921}.Debug|x86.Build.0 = Debug|Any CPU
		{50702AA3-1FD8-4C2A-9AB2-16E2776A5921}.Debug|x86.Deploy.0 = Debug|Any CPU
		{50702AA3-1FD8-4C2A-9AB2-16E2776A5921}.Release|Any CPU.ActiveCfg = Release|Any CPU
		{50702AA3-1FD8-4C2A-9AB2-16E2776A5921}.Release|Any CPU.Build.0 = Release|Any CPU
		{50702AA3-1FD8-4C2A-9AB2-16E2776A5921}.Release|Any CPU.Deploy.0 = Release|Any CPU
		{50702AA3-1FD8-4C2A-9AB2-16E2776A5921}.Release|arm64.ActiveCfg = Release|Any CPU
		{50702AA3-1FD8-4C2A-9AB2-16E2776A5921}.Release|arm64.Build.0 = Release|Any CPU
		{50702AA3-1FD8-4C2A-9AB2-16E2776A5921}.Release|arm64.Deploy.0 = Release|Any CPU
		{50702AA3-1FD8-4C2A-9AB2-16E2776A5921}.Release|x86.ActiveCfg = Release|Any CPU
		{50702AA3-1FD8-4C2A-9AB2-16E2776A5921}.Release|x86.Build.0 = Release|Any CPU
		{50702AA3-1FD8-4C2A-9AB2-16E2776A5921}.Release|x86.Deploy.0 = Release|Any CPU
		{6E7AC982-95BA-4EA3-8513-1DABAF8BB21B}.Debug|Any CPU.ActiveCfg = Debug|Any CPU
		{6E7AC982-95BA-4EA3-8513-1DABAF8BB21B}.Debug|Any CPU.Build.0 = Debug|Any CPU
		{6E7AC982-95BA-4EA3-8513-1DABAF8BB21B}.Debug|Any CPU.Deploy.0 = Debug|Any CPU
		{6E7AC982-95BA-4EA3-8513-1DABAF8BB21B}.Debug|arm64.ActiveCfg = Debug|Any CPU
		{6E7AC982-95BA-4EA3-8513-1DABAF8BB21B}.Debug|arm64.Build.0 = Debug|Any CPU
		{6E7AC982-95BA-4EA3-8513-1DABAF8BB21B}.Debug|arm64.Deploy.0 = Debug|Any CPU
		{6E7AC982-95BA-4EA3-8513-1DABAF8BB21B}.Debug|x86.ActiveCfg = Debug|Any CPU
		{6E7AC982-95BA-4EA3-8513-1DABAF8BB21B}.Debug|x86.Build.0 = Debug|Any CPU
		{6E7AC982-95BA-4EA3-8513-1DABAF8BB21B}.Debug|x86.Deploy.0 = Debug|Any CPU
		{6E7AC982-95BA-4EA3-8513-1DABAF8BB21B}.Release|Any CPU.ActiveCfg = Release|Any CPU
		{6E7AC982-95BA-4EA3-8513-1DABAF8BB21B}.Release|Any CPU.Build.0 = Release|Any CPU
		{6E7AC982-95BA-4EA3-8513-1DABAF8BB21B}.Release|Any CPU.Deploy.0 = Release|Any CPU
		{6E7AC982-95BA-4EA3-8513-1DABAF8BB21B}.Release|arm64.ActiveCfg = Release|Any CPU
		{6E7AC982-95BA-4EA3-8513-1DABAF8BB21B}.Release|arm64.Build.0 = Release|Any CPU
		{6E7AC982-95BA-4EA3-8513-1DABAF8BB21B}.Release|arm64.Deploy.0 = Release|Any CPU
		{6E7AC982-95BA-4EA3-8513-1DABAF8BB21B}.Release|x86.ActiveCfg = Release|Any CPU
		{6E7AC982-95BA-4EA3-8513-1DABAF8BB21B}.Release|x86.Build.0 = Release|Any CPU
		{6E7AC982-95BA-4EA3-8513-1DABAF8BB21B}.Release|x86.Deploy.0 = Release|Any CPU
		{86FA409F-C194-417B-BEA2-6DFAC596D40F}.Debug|Any CPU.ActiveCfg = Debug|Any CPU
		{86FA409F-C194-417B-BEA2-6DFAC596D40F}.Debug|Any CPU.Build.0 = Debug|Any CPU
		{86FA409F-C194-417B-BEA2-6DFAC596D40F}.Debug|Any CPU.Deploy.0 = Debug|Any CPU
		{86FA409F-C194-417B-BEA2-6DFAC596D40F}.Debug|arm64.ActiveCfg = Debug|Any CPU
		{86FA409F-C194-417B-BEA2-6DFAC596D40F}.Debug|arm64.Build.0 = Debug|Any CPU
		{86FA409F-C194-417B-BEA2-6DFAC596D40F}.Debug|arm64.Deploy.0 = Debug|Any CPU
		{86FA409F-C194-417B-BEA2-6DFAC596D40F}.Debug|x86.ActiveCfg = Debug|Any CPU
		{86FA409F-C194-417B-BEA2-6DFAC596D40F}.Debug|x86.Build.0 = Debug|Any CPU
		{86FA409F-C194-417B-BEA2-6DFAC596D40F}.Debug|x86.Deploy.0 = Debug|Any CPU
		{86FA409F-C194-417B-BEA2-6DFAC596D40F}.Release|Any CPU.ActiveCfg = Release|Any CPU
		{86FA409F-C194-417B-BEA2-6DFAC596D40F}.Release|Any CPU.Build.0 = Release|Any CPU
		{86FA409F-C194-417B-BEA2-6DFAC596D40F}.Release|Any CPU.Deploy.0 = Release|Any CPU
		{86FA409F-C194-417B-BEA2-6DFAC596D40F}.Release|arm64.ActiveCfg = Release|Any CPU
		{86FA409F-C194-417B-BEA2-6DFAC596D40F}.Release|arm64.Build.0 = Release|Any CPU
		{86FA409F-C194-417B-BEA2-6DFAC596D40F}.Release|arm64.Deploy.0 = Release|Any CPU
		{86FA409F-C194-417B-BEA2-6DFAC596D40F}.Release|x86.ActiveCfg = Release|Any CPU
		{86FA409F-C194-417B-BEA2-6DFAC596D40F}.Release|x86.Build.0 = Release|Any CPU
		{86FA409F-C194-417B-BEA2-6DFAC596D40F}.Release|x86.Deploy.0 = Release|Any CPU
		{38652C8D-9855-4A4B-9D7D-836866856E93}.Debug|Any CPU.ActiveCfg = Debug|Any CPU
		{38652C8D-9855-4A4B-9D7D-836866856E93}.Debug|Any CPU.Build.0 = Debug|Any CPU
		{38652C8D-9855-4A4B-9D7D-836866856E93}.Debug|arm64.ActiveCfg = Debug|arm64
		{38652C8D-9855-4A4B-9D7D-836866856E93}.Debug|arm64.Build.0 = Debug|arm64
		{38652C8D-9855-4A4B-9D7D-836866856E93}.Debug|x86.ActiveCfg = Debug|x86
		{38652C8D-9855-4A4B-9D7D-836866856E93}.Debug|x86.Build.0 = Debug|x86
		{38652C8D-9855-4A4B-9D7D-836866856E93}.Release|Any CPU.ActiveCfg = Release|Any CPU
		{38652C8D-9855-4A4B-9D7D-836866856E93}.Release|Any CPU.Build.0 = Release|Any CPU
		{38652C8D-9855-4A4B-9D7D-836866856E93}.Release|arm64.ActiveCfg = Release|arm64
		{38652C8D-9855-4A4B-9D7D-836866856E93}.Release|arm64.Build.0 = Release|arm64
		{38652C8D-9855-4A4B-9D7D-836866856E93}.Release|x86.ActiveCfg = Release|x86
		{38652C8D-9855-4A4B-9D7D-836866856E93}.Release|x86.Build.0 = Release|x86
	EndGlobalSection
	GlobalSection(SolutionProperties) = preSolution
		HideSolutionNode = FALSE
	EndGlobalSection
	GlobalSection(NestedProjects) = preSolution
		{55CAB931-C65A-45EB-80A9-864A12D0BCB2} = {142C341D-4DB9-4643-8EAF-21F35A3AB47F}
		{BB910C1D-2479-414E-AAFC-0EC538C72276} = {A48F9748-6C61-4073-8A9B-A1BE3838D80D}
		{00F18EB4-E299-47DA-BF04-71EDEB35EDCA} = {84EDB580-2A21-40C9-92ED-B48B6A5B77CA}
		{D9F0F470-F5E5-49A9-A591-121BEB81C213} = {84EDB580-2A21-40C9-92ED-B48B6A5B77CA}
		{A8EFEBBF-16C1-4240-B460-2FFFC71B9E45} = {84EDB580-2A21-40C9-92ED-B48B6A5B77CA}
		{D3C57D6F-2EF8-40EB-9DFB-28B6D8E68A1B} = {84EDB580-2A21-40C9-92ED-B48B6A5B77CA}
		{CEDFD4A0-BEE1-407A-8514-45203F16040F} = {84EDB580-2A21-40C9-92ED-B48B6A5B77CA}
		{E97BFA73-8FA9-4D95-A758-903F142A27DF} = {84EDB580-2A21-40C9-92ED-B48B6A5B77CA}
		{0007D0D3-A820-452B-9C5F-93D7DA9AF318} = {84EDB580-2A21-40C9-92ED-B48B6A5B77CA}
		{50AD3CB6-8129-4ABE-83A6-D1D72DDF1761} = {84EDB580-2A21-40C9-92ED-B48B6A5B77CA}
		{7FD32941-704C-499D-BC14-C85AC3137179} = {84EDB580-2A21-40C9-92ED-B48B6A5B77CA}
		{06602F3A-3470-4105-A370-008B35F06869} = {84EDB580-2A21-40C9-92ED-B48B6A5B77CA}
		{224EC895-D712-4061-8602-6B29C5E2409E} = {84EDB580-2A21-40C9-92ED-B48B6A5B77CA}
		{82DFFDB6-F3CD-42EE-A70D-E88271B6A5CC} = {84EDB580-2A21-40C9-92ED-B48B6A5B77CA}
		{00AC32B9-77CA-4F69-AFF5-C98243ACA952} = {84EDB580-2A21-40C9-92ED-B48B6A5B77CA}
		{47293C10-83F8-4953-927B-394A7F5EBAEC} = {84EDB580-2A21-40C9-92ED-B48B6A5B77CA}
		{50702AA3-1FD8-4C2A-9AB2-16E2776A5921} = {84EDB580-2A21-40C9-92ED-B48B6A5B77CA}
		{6E7AC982-95BA-4EA3-8513-1DABAF8BB21B} = {84EDB580-2A21-40C9-92ED-B48B6A5B77CA}
		{86FA409F-C194-417B-BEA2-6DFAC596D40F} = {84EDB580-2A21-40C9-92ED-B48B6A5B77CA}
		{38652C8D-9855-4A4B-9D7D-836866856E93} = {2DBD66AC-36FF-4706-9025-0183AEAB835C}
	EndGlobalSection
	GlobalSection(ExtensibilityGlobals) = postSolution
		SolutionGuid = {5197CC37-0FFC-412B-818D-2EA24F112E20}
	EndGlobalSection
EndGlobal
